
Microsoft Visual Studio Solution File, Format Version 12.00
# Visual Studio 2012
Project("{FAE04EC0-301F-11D3-BF4B-00C04F79EFBC}") = "TDC2016MVVM", "TDC2016MVVM.csproj", "{D2D0C2C9-40AB-48BE-AABC-A0DA64EE9E8E}"
EndProject
Project("{FAE04EC0-301F-11D3-BF4B-00C04F79EFBC}") = "TDC2016MVVM.iOS", "iOS\TDC2016MVVM.iOS.csproj", "{9F4FBC56-82C5-475C-94A2-CE26B5A560DF}"
EndProject
Project("{FAE04EC0-301F-11D3-BF4B-00C04F79EFBC}") = "TDC2016MVVM.Droid", "Droid\TDC2016MVVM.Droid.csproj", "{1EEF322D-60B1-4CC1-8E54-C88128487C99}"
EndProject
Global
	GlobalSection(SolutionConfigurationPlatforms) = preSolution
		Debug|Any CPU = Debug|Any CPU
		Release|Any CPU = Release|Any CPU
		Debug|iPhoneSimulator = Debug|iPhoneSimulator
		Release|iPhone = Release|iPhone
		Release|iPhoneSimulator = Release|iPhoneSimulator
		Debug|iPhone = Debug|iPhone
	EndGlobalSection
	GlobalSection(ProjectConfigurationPlatforms) = postSolution
		{D2D0C2C9-40AB-48BE-AABC-A0DA64EE9E8E}.Debug|Any CPU.ActiveCfg = Debug|Any CPU
		{D2D0C2C9-40AB-48BE-AABC-A0DA64EE9E8E}.Debug|Any CPU.Build.0 = Debug|Any CPU
		{D2D0C2C9-40AB-48BE-AABC-A0DA64EE9E8E}.Release|Any CPU.ActiveCfg = Release|Any CPU
		{D2D0C2C9-40AB-48BE-AABC-A0DA64EE9E8E}.Release|Any CPU.Build.0 = Release|Any CPU
		{D2D0C2C9-40AB-48BE-AABC-A0DA64EE9E8E}.Debug|iPhoneSimulator.ActiveCfg = Debug|Any CPU
		{D2D0C2C9-40AB-48BE-AABC-A0DA64EE9E8E}.Debug|iPhoneSimulator.Build.0 = Debug|Any CPU
		{D2D0C2C9-40AB-48BE-AABC-A0DA64EE9E8E}.Release|iPhone.ActiveCfg = Release|Any CPU
		{D2D0C2C9-40AB-48BE-AABC-A0DA64EE9E8E}.Release|iPhone.Build.0 = Release|Any CPU
		{D2D0C2C9-40AB-48BE-AABC-A0DA64EE9E8E}.Release|iPhoneSimulator.ActiveCfg = Release|Any CPU
		{D2D0C2C9-40AB-48BE-AABC-A0DA64EE9E8E}.Release|iPhoneSimulator.Build.0 = Release|Any CPU
		{D2D0C2C9-40AB-48BE-AABC-A0DA64EE9E8E}.Debug|iPhone.ActiveCfg = Debug|Any CPU
		{D2D0C2C9-40AB-48BE-AABC-A0DA64EE9E8E}.Debug|iPhone.Build.0 = Debug|Any CPU
		{9F4FBC56-82C5-475C-94A2-CE26B5A560DF}.Debug|Any CPU.ActiveCfg = Debug|iPhoneSimulator
		{9F4FBC56-82C5-475C-94A2-CE26B5A560DF}.Debug|Any CPU.Build.0 = Debug|iPhoneSimulator
		{9F4FBC56-82C5-475C-94A2-CE26B5A560DF}.Release|Any CPU.ActiveCfg = Debug|iPhoneSimulator
		{9F4FBC56-82C5-475C-94A2-CE26B5A560DF}.Release|Any CPU.Build.0 = Debug|iPhoneSimulator
		{9F4FBC56-82C5-475C-94A2-CE26B5A560DF}.Debug|iPhoneSimulator.ActiveCfg = Debug|iPhoneSimulator
		{9F4FBC56-82C5-475C-94A2-CE26B5A560DF}.Debug|iPhoneSimulator.Build.0 = Debug|iPhoneSimulator
		{9F4FBC56-82C5-475C-94A2-CE26B5A560DF}.Release|iPhone.ActiveCfg = Release|iPhone
		{9F4FBC56-82C5-475C-94A2-CE26B5A560DF}.Release|iPhone.Build.0 = Release|iPhone
		{9F4FBC56-82C5-475C-94A2-CE26B5A560DF}.Release|iPhoneSimulator.ActiveCfg = Release|iPhoneSimulator
		{9F4FBC56-82C5-475C-94A2-CE26B5A560DF}.Release|iPhoneSimulator.Build.0 = Release|iPhoneSimulator
		{9F4FBC56-82C5-475C-94A2-CE26B5A560DF}.Debug|iPhone.ActiveCfg = Debug|iPhone
		{9F4FBC56-82C5-475C-94A2-CE26B5A560DF}.Debug|iPhone.Build.0 = Debug|iPhone
		{1EEF322D-60B1-4CC1-8E54-C88128487C99}.Debug|Any CPU.ActiveCfg = Debug|Any CPU
		{1EEF322D-60B1-4CC1-8E54-C88128487C99}.Debug|Any CPU.Build.0 = Debug|Any CPU
		{1EEF322D-60B1-4CC1-8E54-C88128487C99}.Release|Any CPU.ActiveCfg = Release|Any CPU
		{1EEF322D-60B1-4CC1-8E54-C88128487C99}.Release|Any CPU.Build.0 = Release|Any CPU
		{1EEF322D-60B1-4CC1-8E54-C88128487C99}.Debug|iPhoneSimulator.ActiveCfg = Debug|Any CPU
		{1EEF322D-60B1-4CC1-8E54-C88128487C99}.Debug|iPhoneSimulator.Build.0 = Debug|Any CPU
		{1EEF322D-60B1-4CC1-8E54-C88128487C99}.Release|iPhone.ActiveCfg = Release|Any CPU
		{1EEF322D-60B1-4CC1-8E54-C88128487C99}.Release|iPhone.Build.0 = Release|Any CPU
		{1EEF322D-60B1-4CC1-8E54-C88128487C99}.Release|iPhoneSimulator.ActiveCfg = Release|Any CPU
		{1EEF322D-60B1-4CC1-8E54-C88128487C99}.Release|iPhoneSimulator.Build.0 = Release|Any CPU
		{1EEF322D-60B1-4CC1-8E54-C88128487C99}.Debug|iPhone.ActiveCfg = Debug|Any CPU
		{1EEF322D-60B1-4CC1-8E54-C88128487C99}.Debug|iPhone.Build.0 = Debug|Any CPU
	EndGlobalSection
EndGlobal
